
Microsoft Visual Studio Solution File, Format Version 12.00
# Visual Studio Version 17
VisualStudioVersion = 17.5.33530.505
MinimumVisualStudioVersion = 10.0.40219.1
Project("{FAE04EC0-301F-11D3-BF4B-00C04F79EFBC}") = "CopyWholeContent", "CopyWholeContent\CopyWholeContent.csproj", "{FBCF0B59-6DF8-41DA-9385-1C42859B1362}"
EndProject
Global
	GlobalSection(SolutionConfigurationPlatforms) = preSolution
		Debug|Any CPU = Debug|Any CPU
		Release|Any CPU = Release|Any CPU
	EndGlobalSection
	GlobalSection(ProjectConfigurationPlatforms) = postSolution
		{FBCF0B59-6DF8-41DA-9385-1C42859B1362}.Debug|Any CPU.ActiveCfg = Debug|Any CPU
		{FBCF0B59-6DF8-41DA-9385-1C42859B1362}.Debug|Any CPU.Build.0 = Debug|Any CPU
		{FBCF0B59-6DF8-41DA-9385-1C42859B1362}.Release|Any CPU.ActiveCfg = Release|Any CPU
		{FBCF0B59-6DF8-41DA-9385-1C42859B1362}.Release|Any CPU.Build.0 = Release|Any CPU
	EndGlobalSection
	GlobalSection(SolutionProperties) = preSolution
		HideSolutionNode = FALSE
	EndGlobalSection
	GlobalSection(ExtensibilityGlobals) = postSolution
		SolutionGuid = {4834E00F-41B6-487D-860F-AB965F815A2B}
	EndGlobalSection
EndGlobal
